// !$*UTF8*$!
{
	archiveVersion = 1;
	classes = {
	};
	objectVersion = 42;
	objects = {

/* Begin PBXBuildFile section */
		2F2E9FE2110A0581002FCC3F /* actions.c in Sources */ = {isa = PBXBuildFile; fileRef = 2F2E9FD7110A0581002FCC3F /* actions.c */; };
		2F2E9FE3110A0581002FCC3F /* array.c in Sources */ = {isa = PBXBuildFile; fileRef = 2F2E9FD8110A0581002FCC3F /* array.c */; };
		2F2E9FE4110A0581002FCC3F /* behavior.c in Sources */ = {isa = PBXBuildFile; fileRef = 2F2E9FD9110A0581002FCC3F /* behavior.c */; };
		2F2E9FE5110A0581002FCC3F /* box2d.c in Sources */ = {isa = PBXBuildFile; fileRef = 2F2E9FDA110A0581002FCC3F /* box2d.c */; };
		2F2E9FE6110A0581002FCC3F /* game_helper.c in Sources */ = {isa = PBXBuildFile; fileRef = 2F2E9FDB110A0581002FCC3F /* game_helper.c */; };
		2F2E9FE8110A0581002FCC3F /* mat4.c in Sources */ = {isa = PBXBuildFile; fileRef = 2F2E9FDD110A0581002FCC3F /* mat4.c */; };
		2F2E9FE9110A0581002FCC3F /* quat.c in Sources */ = {isa = PBXBuildFile; fileRef = 2F2E9FDE110A0581002FCC3F /* quat.c */; };
		2F2E9FEA110A0581002FCC3F /* rendering.c in Sources */ = {isa = PBXBuildFile; fileRef = 2F2E9FDF110A0581002FCC3F /* rendering.c */; };
		2F2E9FEB110A0581002FCC3F /* rules.c in Sources */ = {isa = PBXBuildFile; fileRef = 2F2E9FE0110A0581002FCC3F /* rules.c */; };
		2F2E9FEC110A0581002FCC3F /* vec3.c in Sources */ = {isa = PBXBuildFile; fileRef = 2F2E9FE1110A0581002FCC3F /* vec3.c */; };
		2F2E9FF0110A05D7002FCC3F /* SDLMain.m in Sources */ = {isa = PBXBuildFile; fileRef = 2F2E9FEF110A05D7002FCC3F /* SDLMain.m */; };
		2F2EA012110A0904002FCC3F /* main.c in Sources */ = {isa = PBXBuildFile; fileRef = 2F2EA011110A0904002FCC3F /* main.c */; };
		2F2EA078110AD30B002FCC3F /* include in Resources */ = {isa = PBXBuildFile; fileRef = 2F2EA071110AD30B002FCC3F /* include */; };
		2F2EA0CB110AD323002FCC3F /* lapi.c in Sources */ = {isa = PBXBuildFile; fileRef = 2F2EA07D110AD323002FCC3F /* lapi.c */; };
		2F2EA0CC110AD323002FCC3F /* lauxlib.c in Sources */ = {isa = PBXBuildFile; fileRef = 2F2EA07F110AD323002FCC3F /* lauxlib.c */; };
		2F2EA0CD110AD323002FCC3F /* lbaselib.c in Sources */ = {isa = PBXBuildFile; fileRef = 2F2EA081110AD323002FCC3F /* lbaselib.c */; };
		2F2EA0CE110AD323002FCC3F /* lcode.c in Sources */ = {isa = PBXBuildFile; fileRef = 2F2EA082110AD323002FCC3F /* lcode.c */; };
		2F2EA0CF110AD323002FCC3F /* ldblib.c in Sources */ = {isa = PBXBuildFile; fileRef = 2F2EA084110AD323002FCC3F /* ldblib.c */; };
		2F2EA0D0110AD323002FCC3F /* ldebug.c in Sources */ = {isa = PBXBuildFile; fileRef = 2F2EA085110AD323002FCC3F /* ldebug.c */; };
		2F2EA0D1110AD323002FCC3F /* ldo.c in Sources */ = {isa = PBXBuildFile; fileRef = 2F2EA087110AD323002FCC3F /* ldo.c */; };
		2F2EA0D2110AD323002FCC3F /* ldump.c in Sources */ = {isa = PBXBuildFile; fileRef = 2F2EA089110AD323002FCC3F /* ldump.c */; };
		2F2EA0D3110AD323002FCC3F /* lfunc.c in Sources */ = {isa = PBXBuildFile; fileRef = 2F2EA08A110AD323002FCC3F /* lfunc.c */; };
		2F2EA0D4110AD323002FCC3F /* lgc.c in Sources */ = {isa = PBXBuildFile; fileRef = 2F2EA08C110AD323002FCC3F /* lgc.c */; };
		2F2EA0D5110AD323002FCC3F /* linit.c in Sources */ = {isa = PBXBuildFile; fileRef = 2F2EA08E110AD323002FCC3F /* linit.c */; };
		2F2EA0D6110AD323002FCC3F /* liolib.c in Sources */ = {isa = PBXBuildFile; fileRef = 2F2EA08F110AD323002FCC3F /* liolib.c */; };
		2F2EA0D7110AD323002FCC3F /* llex.c in Sources */ = {isa = PBXBuildFile; fileRef = 2F2EA090110AD323002FCC3F /* llex.c */; };
		2F2EA0D8110AD323002FCC3F /* lmathlib.c in Sources */ = {isa = PBXBuildFile; fileRef = 2F2EA093110AD323002FCC3F /* lmathlib.c */; };
		2F2EA0D9110AD323002FCC3F /* lmem.c in Sources */ = {isa = PBXBuildFile; fileRef = 2F2EA094110AD323002FCC3F /* lmem.c */; };
		2F2EA0DA110AD323002FCC3F /* loadlib.c in Sources */ = {isa = PBXBuildFile; fileRef = 2F2EA096110AD323002FCC3F /* loadlib.c */; };
		2F2EA0DB110AD323002FCC3F /* lobject.c in Sources */ = {isa = PBXBuildFile; fileRef = 2F2EA097110AD323002FCC3F /* lobject.c */; };
		2F2EA0DC110AD323002FCC3F /* lopcodes.c in Sources */ = {isa = PBXBuildFile; fileRef = 2F2EA099110AD323002FCC3F /* lopcodes.c */; };
		2F2EA0DD110AD323002FCC3F /* loslib.c in Sources */ = {isa = PBXBuildFile; fileRef = 2F2EA09B110AD323002FCC3F /* loslib.c */; };
		2F2EA0DE110AD323002FCC3F /* lparser.c in Sources */ = {isa = PBXBuildFile; fileRef = 2F2EA09C110AD323002FCC3F /* lparser.c */; };
		2F2EA0DF110AD323002FCC3F /* lstate.c in Sources */ = {isa = PBXBuildFile; fileRef = 2F2EA09E110AD323002FCC3F /* lstate.c */; };
		2F2EA0E0110AD323002FCC3F /* lstring.c in Sources */ = {isa = PBXBuildFile; fileRef = 2F2EA0A0110AD323002FCC3F /* lstring.c */; };
		2F2EA0E1110AD323002FCC3F /* lstrlib.c in Sources */ = {isa = PBXBuildFile; fileRef = 2F2EA0A2110AD323002FCC3F /* lstrlib.c */; };
		2F2EA0E2110AD323002FCC3F /* ltable.c in Sources */ = {isa = PBXBuildFile; fileRef = 2F2EA0A3110AD323002FCC3F /* ltable.c */; };
		2F2EA0E3110AD323002FCC3F /* ltablib.c in Sources */ = {isa = PBXBuildFile; fileRef = 2F2EA0A5110AD323002FCC3F /* ltablib.c */; };
		2F2EA0E4110AD323002FCC3F /* ltm.c in Sources */ = {isa = PBXBuildFile; fileRef = 2F2EA0A6110AD323002FCC3F /* ltm.c */; };
		2F2EA0F1110AD323002FCC3F /* lundump.c in Sources */ = {isa = PBXBuildFile; fileRef = 2F2EA0B7110AD323002FCC3F /* lundump.c */; };
		2F2EA0F2110AD323002FCC3F /* lvm.c in Sources */ = {isa = PBXBuildFile; fileRef = 2F2EA0B9110AD323002FCC3F /* lvm.c */; };
		2F2EA0F3110AD323002FCC3F /* lzio.c in Sources */ = {isa = PBXBuildFile; fileRef = 2F2EA0BB110AD323002FCC3F /* lzio.c */; };
		2F2EA0F8110AD323002FCC3F /* print.c in Sources */ = {isa = PBXBuildFile; fileRef = 2F2EA0C1110AD323002FCC3F /* print.c */; };
		2F2EA24E110B6AAF002FCC3F /* mat4_wrap.c in Sources */ = {isa = PBXBuildFile; fileRef = 2F2EA247110B6AAF002FCC3F /* mat4_wrap.c */; };
		2F2EA250110B6AAF002FCC3F /* quat_wrap.c in Sources */ = {isa = PBXBuildFile; fileRef = 2F2EA249110B6AAF002FCC3F /* quat_wrap.c */; };
		2F2EA252110B6AAF002FCC3F /* vec3_wrap.c in Sources */ = {isa = PBXBuildFile; fileRef = 2F2EA24B110B6AAF002FCC3F /* vec3_wrap.c */; };
		2F396F5C110F028500998DC1 /* render_wrap.c in Sources */ = {isa = PBXBuildFile; fileRef = 2F396F5A110F028500998DC1 /* render_wrap.c */; };
		2F396FC6110F4C4900998DC1 /* event.c in Sources */ = {isa = PBXBuildFile; fileRef = 2F396FC5110F4C4900998DC1 /* event.c */; };
		2F396FE0110F505600998DC1 /* event_wrap.c in Sources */ = {isa = PBXBuildFile; fileRef = 2F396FDE110F505600998DC1 /* event_wrap.c */; };
		2F39702111105C3F00998DC1 /* game.c in Sources */ = {isa = PBXBuildFile; fileRef = 2F2E9FDC110A0581002FCC3F /* game.c */; };
/* End PBXBuildFile section */

/* Begin PBXFileReference section */
		2F2E9F65110A043A002FCC3F /* ConceptEngine.app */ = {isa = PBXFileReference; explicitFileType = wrapper.application; includeInIndex = 0; path = ConceptEngine.app; sourceTree = BUILT_PRODUCTS_DIR; };
		2F2E9F68110A043A002FCC3F /* ConceptEngine-Info.plist */ = {isa = PBXFileReference; lastKnownFileType = text.plist.xml; path = "ConceptEngine-Info.plist"; sourceTree = "<group>"; };
		2F2E9FD7110A0581002FCC3F /* actions.c */ = {isa = PBXFileReference; fileEncoding = 4; lastKnownFileType = sourcecode.c.c; name = actions.c; path = ../../source/actions.c; sourceTree = SOURCE_ROOT; };
		2F2E9FD8110A0581002FCC3F /* array.c */ = {isa = PBXFileReference; fileEncoding = 4; lastKnownFileType = sourcecode.c.c; name = array.c; path = ../../source/array.c; sourceTree = SOURCE_ROOT; };
		2F2E9FD9110A0581002FCC3F /* behavior.c */ = {isa = PBXFileReference; fileEncoding = 4; lastKnownFileType = sourcecode.c.c; name = behavior.c; path = ../../source/behavior.c; sourceTree = SOURCE_ROOT; };
		2F2E9FDA110A0581002FCC3F /* box2d.c */ = {isa = PBXFileReference; fileEncoding = 4; lastKnownFileType = sourcecode.c.c; name = box2d.c; path = ../../source/box2d.c; sourceTree = SOURCE_ROOT; };
		2F2E9FDB110A0581002FCC3F /* game_helper.c */ = {isa = PBXFileReference; fileEncoding = 4; lastKnownFileType = sourcecode.c.c; name = game_helper.c; path = ../../source/game_helper.c; sourceTree = SOURCE_ROOT; };
		2F2E9FDC110A0581002FCC3F /* game.c */ = {isa = PBXFileReference; fileEncoding = 4; lastKnownFileType = sourcecode.c.c; name = game.c; path = ../../source/game.c; sourceTree = SOURCE_ROOT; };
		2F2E9FDD110A0581002FCC3F /* mat4.c */ = {isa = PBXFileReference; fileEncoding = 4; lastKnownFileType = sourcecode.c.c; name = mat4.c; path = ../../source/mat4.c; sourceTree = SOURCE_ROOT; };
		2F2E9FDE110A0581002FCC3F /* quat.c */ = {isa = PBXFileReference; fileEncoding = 4; lastKnownFileType = sourcecode.c.c; name = quat.c; path = ../../source/quat.c; sourceTree = SOURCE_ROOT; };
		2F2E9FDF110A0581002FCC3F /* rendering.c */ = {isa = PBXFileReference; fileEncoding = 4; lastKnownFileType = sourcecode.c.c; name = rendering.c; path = ../../source/rendering.c; sourceTree = SOURCE_ROOT; };
		2F2E9FE0110A0581002FCC3F /* rules.c */ = {isa = PBXFileReference; fileEncoding = 4; lastKnownFileType = sourcecode.c.c; name = rules.c; path = ../../source/rules.c; sourceTree = SOURCE_ROOT; };
		2F2E9FE1110A0581002FCC3F /* vec3.c */ = {isa = PBXFileReference; fileEncoding = 4; lastKnownFileType = sourcecode.c.c; name = vec3.c; path = ../../source/vec3.c; sourceTree = SOURCE_ROOT; };
		2F2E9FEE110A05D7002FCC3F /* SDLMain.h */ = {isa = PBXFileReference; fileEncoding = 4; lastKnownFileType = sourcecode.c.h; path = SDLMain.h; sourceTree = "<group>"; };
		2F2E9FEF110A05D7002FCC3F /* SDLMain.m */ = {isa = PBXFileReference; fileEncoding = 4; lastKnownFileType = sourcecode.c.objc; path = SDLMain.m; sourceTree = "<group>"; };
		2F2E9FF7110A06AE002FCC3F /* actions.h */ = {isa = PBXFileReference; fileEncoding = 4; lastKnownFileType = sourcecode.c.h; name = actions.h; path = ../../include/actions.h; sourceTree = SOURCE_ROOT; };
		2F2E9FF8110A06AE002FCC3F /* array.h */ = {isa = PBXFileReference; fileEncoding = 4; lastKnownFileType = sourcecode.c.h; name = array.h; path = ../../include/array.h; sourceTree = SOURCE_ROOT; };
		2F2E9FF9110A06AE002FCC3F /* behavior.h */ = {isa = PBXFileReference; fileEncoding = 4; lastKnownFileType = sourcecode.c.h; name = behavior.h; path = ../../include/behavior.h; sourceTree = SOURCE_ROOT; };
		2F2E9FFA110A06AE002FCC3F /* box2d.h */ = {isa = PBXFileReference; fileEncoding = 4; lastKnownFileType = sourcecode.c.h; name = box2d.h; path = ../../include/box2d.h; sourceTree = SOURCE_ROOT; };
		2F2E9FFB110A06AE002FCC3F /* game_entity.h */ = {isa = PBXFileReference; fileEncoding = 4; lastKnownFileType = sourcecode.c.h; name = game_entity.h; path = ../../include/game_entity.h; sourceTree = SOURCE_ROOT; };
		2F2E9FFC110A06AE002FCC3F /* game_helper.h */ = {isa = PBXFileReference; fileEncoding = 4; lastKnownFileType = sourcecode.c.h; name = game_helper.h; path = ../../include/game_helper.h; sourceTree = SOURCE_ROOT; };
		2F2E9FFD110A06AE002FCC3F /* game.h */ = {isa = PBXFileReference; fileEncoding = 4; lastKnownFileType = sourcecode.c.h; name = game.h; path = ../../include/game.h; sourceTree = SOURCE_ROOT; };
		2F2E9FFE110A06AE002FCC3F /* mat4.h */ = {isa = PBXFileReference; fileEncoding = 4; lastKnownFileType = sourcecode.c.h; name = mat4.h; path = ../../include/mat4.h; sourceTree = SOURCE_ROOT; };
		2F2E9FFF110A06AE002FCC3F /* quat.h */ = {isa = PBXFileReference; fileEncoding = 4; lastKnownFileType = sourcecode.c.h; name = quat.h; path = ../../include/quat.h; sourceTree = SOURCE_ROOT; };
		2F2EA000110A06AE002FCC3F /* rendering.h */ = {isa = PBXFileReference; fileEncoding = 4; lastKnownFileType = sourcecode.c.h; name = rendering.h; path = ../../include/rendering.h; sourceTree = SOURCE_ROOT; };
		2F2EA001110A06AE002FCC3F /* rules.h */ = {isa = PBXFileReference; fileEncoding = 4; lastKnownFileType = sourcecode.c.h; name = rules.h; path = ../../include/rules.h; sourceTree = SOURCE_ROOT; };
		2F2EA002110A06AE002FCC3F /* vec3.h */ = {isa = PBXFileReference; fileEncoding = 4; lastKnownFileType = sourcecode.c.h; name = vec3.h; path = ../../include/vec3.h; sourceTree = SOURCE_ROOT; };
		2F2EA011110A0904002FCC3F /* main.c */ = {isa = PBXFileReference; fileEncoding = 4; lastKnownFileType = sourcecode.c.c; path = main.c; sourceTree = "<group>"; };
		2F2EA071110AD30B002FCC3F /* include */ = {isa = PBXFileReference; lastKnownFileType = folder; name = include; path = ../../../../SDK/lua5.1.4/include; sourceTree = SOURCE_ROOT; };
		2F2EA07D110AD323002FCC3F /* lapi.c */ = {isa = PBXFileReference; fileEncoding = 4; lastKnownFileType = sourcecode.c.c; path = lapi.c; sourceTree = "<group>"; };
		2F2EA07E110AD323002FCC3F /* lapi.h */ = {isa = PBXFileReference; fileEncoding = 4; lastKnownFileType = sourcecode.c.h; path = lapi.h; sourceTree = "<group>"; };
		2F2EA07F110AD323002FCC3F /* lauxlib.c */ = {isa = PBXFileReference; fileEncoding = 4; lastKnownFileType = sourcecode.c.c; path = lauxlib.c; sourceTree = "<group>"; };
		2F2EA080110AD323002FCC3F /* lauxlib.h */ = {isa = PBXFileReference; fileEncoding = 4; lastKnownFileType = sourcecode.c.h; path = lauxlib.h; sourceTree = "<group>"; };
		2F2EA081110AD323002FCC3F /* lbaselib.c */ = {isa = PBXFileReference; fileEncoding = 4; lastKnownFileType = sourcecode.c.c; path = lbaselib.c; sourceTree = "<group>"; };
		2F2EA082110AD323002FCC3F /* lcode.c */ = {isa = PBXFileReference; fileEncoding = 4; lastKnownFileType = sourcecode.c.c; path = lcode.c; sourceTree = "<group>"; };
		2F2EA083110AD323002FCC3F /* lcode.h */ = {isa = PBXFileReference; fileEncoding = 4; lastKnownFileType = sourcecode.c.h; path = lcode.h; sourceTree = "<group>"; };
		2F2EA084110AD323002FCC3F /* ldblib.c */ = {isa = PBXFileReference; fileEncoding = 4; lastKnownFileType = sourcecode.c.c; path = ldblib.c; sourceTree = "<group>"; };
		2F2EA085110AD323002FCC3F /* ldebug.c */ = {isa = PBXFileReference; fileEncoding = 4; lastKnownFileType = sourcecode.c.c; path = ldebug.c; sourceTree = "<group>"; };
		2F2EA086110AD323002FCC3F /* ldebug.h */ = {isa = PBXFileReference; fileEncoding = 4; lastKnownFileType = sourcecode.c.h; path = ldebug.h; sourceTree = "<group>"; };
		2F2EA087110AD323002FCC3F /* ldo.c */ = {isa = PBXFileReference; fileEncoding = 4; lastKnownFileType = sourcecode.c.c; path = ldo.c; sourceTree = "<group>"; };
		2F2EA088110AD323002FCC3F /* ldo.h */ = {isa = PBXFileReference; fileEncoding = 4; lastKnownFileType = sourcecode.c.h; path = ldo.h; sourceTree = "<group>"; };
		2F2EA089110AD323002FCC3F /* ldump.c */ = {isa = PBXFileReference; fileEncoding = 4; lastKnownFileType = sourcecode.c.c; path = ldump.c; sourceTree = "<group>"; };
		2F2EA08A110AD323002FCC3F /* lfunc.c */ = {isa = PBXFileReference; fileEncoding = 4; lastKnownFileType = sourcecode.c.c; path = lfunc.c; sourceTree = "<group>"; };
		2F2EA08B110AD323002FCC3F /* lfunc.h */ = {isa = PBXFileReference; fileEncoding = 4; lastKnownFileType = sourcecode.c.h; path = lfunc.h; sourceTree = "<group>"; };
		2F2EA08C110AD323002FCC3F /* lgc.c */ = {isa = PBXFileReference; fileEncoding = 4; lastKnownFileType = sourcecode.c.c; path = lgc.c; sourceTree = "<group>"; };
		2F2EA08D110AD323002FCC3F /* lgc.h */ = {isa = PBXFileReference; fileEncoding = 4; lastKnownFileType = sourcecode.c.h; path = lgc.h; sourceTree = "<group>"; };
		2F2EA08E110AD323002FCC3F /* linit.c */ = {isa = PBXFileReference; fileEncoding = 4; lastKnownFileType = sourcecode.c.c; path = linit.c; sourceTree = "<group>"; };
		2F2EA08F110AD323002FCC3F /* liolib.c */ = {isa = PBXFileReference; fileEncoding = 4; lastKnownFileType = sourcecode.c.c; path = liolib.c; sourceTree = "<group>"; };
		2F2EA090110AD323002FCC3F /* llex.c */ = {isa = PBXFileReference; fileEncoding = 4; lastKnownFileType = sourcecode.c.c; path = llex.c; sourceTree = "<group>"; };
		2F2EA091110AD323002FCC3F /* llex.h */ = {isa = PBXFileReference; fileEncoding = 4; lastKnownFileType = sourcecode.c.h; path = llex.h; sourceTree = "<group>"; };
		2F2EA092110AD323002FCC3F /* llimits.h */ = {isa = PBXFileReference; fileEncoding = 4; lastKnownFileType = sourcecode.c.h; path = llimits.h; sourceTree = "<group>"; };
		2F2EA093110AD323002FCC3F /* lmathlib.c */ = {isa = PBXFileReference; fileEncoding = 4; lastKnownFileType = sourcecode.c.c; path = lmathlib.c; sourceTree = "<group>"; };
		2F2EA094110AD323002FCC3F /* lmem.c */ = {isa = PBXFileReference; fileEncoding = 4; lastKnownFileType = sourcecode.c.c; path = lmem.c; sourceTree = "<group>"; };
		2F2EA095110AD323002FCC3F /* lmem.h */ = {isa = PBXFileReference; fileEncoding = 4; lastKnownFileType = sourcecode.c.h; path = lmem.h; sourceTree = "<group>"; };
		2F2EA096110AD323002FCC3F /* loadlib.c */ = {isa = PBXFileReference; fileEncoding = 4; lastKnownFileType = sourcecode.c.c; path = loadlib.c; sourceTree = "<group>"; };
		2F2EA097110AD323002FCC3F /* lobject.c */ = {isa = PBXFileReference; fileEncoding = 4; lastKnownFileType = sourcecode.c.c; path = lobject.c; sourceTree = "<group>"; };
		2F2EA098110AD323002FCC3F /* lobject.h */ = {isa = PBXFileReference; fileEncoding = 4; lastKnownFileType = sourcecode.c.h; path = lobject.h; sourceTree = "<group>"; };
		2F2EA099110AD323002FCC3F /* lopcodes.c */ = {isa = PBXFileReference; fileEncoding = 4; lastKnownFileType = sourcecode.c.c; path = lopcodes.c; sourceTree = "<group>"; };
		2F2EA09A110AD323002FCC3F /* lopcodes.h */ = {isa = PBXFileReference; fileEncoding = 4; lastKnownFileType = sourcecode.c.h; path = lopcodes.h; sourceTree = "<group>"; };
		2F2EA09B110AD323002FCC3F /* loslib.c */ = {isa = PBXFileReference; fileEncoding = 4; lastKnownFileType = sourcecode.c.c; path = loslib.c; sourceTree = "<group>"; };
		2F2EA09C110AD323002FCC3F /* lparser.c */ = {isa = PBXFileReference; fileEncoding = 4; lastKnownFileType = sourcecode.c.c; path = lparser.c; sourceTree = "<group>"; };
		2F2EA09D110AD323002FCC3F /* lparser.h */ = {isa = PBXFileReference; fileEncoding = 4; lastKnownFileType = sourcecode.c.h; path = lparser.h; sourceTree = "<group>"; };
		2F2EA09E110AD323002FCC3F /* lstate.c */ = {isa = PBXFileReference; fileEncoding = 4; lastKnownFileType = sourcecode.c.c; path = lstate.c; sourceTree = "<group>"; };
		2F2EA09F110AD323002FCC3F /* lstate.h */ = {isa = PBXFileReference; fileEncoding = 4; lastKnownFileType = sourcecode.c.h; path = lstate.h; sourceTree = "<group>"; };
		2F2EA0A0110AD323002FCC3F /* lstring.c */ = {isa = PBXFileReference; fileEncoding = 4; lastKnownFileType = sourcecode.c.c; path = lstring.c; sourceTree = "<group>"; };
		2F2EA0A1110AD323002FCC3F /* lstring.h */ = {isa = PBXFileReference; fileEncoding = 4; lastKnownFileType = sourcecode.c.h; path = lstring.h; sourceTree = "<group>"; };
		2F2EA0A2110AD323002FCC3F /* lstrlib.c */ = {isa = PBXFileReference; fileEncoding = 4; lastKnownFileType = sourcecode.c.c; path = lstrlib.c; sourceTree = "<group>"; };
		2F2EA0A3110AD323002FCC3F /* ltable.c */ = {isa = PBXFileReference; fileEncoding = 4; lastKnownFileType = sourcecode.c.c; path = ltable.c; sourceTree = "<group>"; };
		2F2EA0A4110AD323002FCC3F /* ltable.h */ = {isa = PBXFileReference; fileEncoding = 4; lastKnownFileType = sourcecode.c.h; path = ltable.h; sourceTree = "<group>"; };
		2F2EA0A5110AD323002FCC3F /* ltablib.c */ = {isa = PBXFileReference; fileEncoding = 4; lastKnownFileType = sourcecode.c.c; path = ltablib.c; sourceTree = "<group>"; };
		2F2EA0A6110AD323002FCC3F /* ltm.c */ = {isa = PBXFileReference; fileEncoding = 4; lastKnownFileType = sourcecode.c.c; path = ltm.c; sourceTree = "<group>"; };
		2F2EA0A7110AD323002FCC3F /* ltm.h */ = {isa = PBXFileReference; fileEncoding = 4; lastKnownFileType = sourcecode.c.h; path = ltm.h; sourceTree = "<group>"; };
		2F2EA0B5110AD323002FCC3F /* luaconf.h */ = {isa = PBXFileReference; fileEncoding = 4; lastKnownFileType = sourcecode.c.h; path = luaconf.h; sourceTree = "<group>"; };
		2F2EA0B6110AD323002FCC3F /* lualib.h */ = {isa = PBXFileReference; fileEncoding = 4; lastKnownFileType = sourcecode.c.h; path = lualib.h; sourceTree = "<group>"; };
		2F2EA0B7110AD323002FCC3F /* lundump.c */ = {isa = PBXFileReference; fileEncoding = 4; lastKnownFileType = sourcecode.c.c; path = lundump.c; sourceTree = "<group>"; };
		2F2EA0B8110AD323002FCC3F /* lundump.h */ = {isa = PBXFileReference; fileEncoding = 4; lastKnownFileType = sourcecode.c.h; path = lundump.h; sourceTree = "<group>"; };
		2F2EA0B9110AD323002FCC3F /* lvm.c */ = {isa = PBXFileReference; fileEncoding = 4; lastKnownFileType = sourcecode.c.c; path = lvm.c; sourceTree = "<group>"; };
		2F2EA0BA110AD323002FCC3F /* lvm.h */ = {isa = PBXFileReference; fileEncoding = 4; lastKnownFileType = sourcecode.c.h; path = lvm.h; sourceTree = "<group>"; };
		2F2EA0BB110AD323002FCC3F /* lzio.c */ = {isa = PBXFileReference; fileEncoding = 4; lastKnownFileType = sourcecode.c.c; path = lzio.c; sourceTree = "<group>"; };
		2F2EA0BC110AD323002FCC3F /* lzio.h */ = {isa = PBXFileReference; fileEncoding = 4; lastKnownFileType = sourcecode.c.h; path = lzio.h; sourceTree = "<group>"; };
		2F2EA0C1110AD323002FCC3F /* print.c */ = {isa = PBXFileReference; fileEncoding = 4; lastKnownFileType = sourcecode.c.c; path = print.c; sourceTree = "<group>"; };
		2F2EA246110B6AAF002FCC3F /* mat4.i */ = {isa = PBXFileReference; fileEncoding = 4; lastKnownFileType = sourcecode.c.c.preprocessed; path = mat4.i; sourceTree = "<group>"; };
		2F2EA247110B6AAF002FCC3F /* mat4_wrap.c */ = {isa = PBXFileReference; fileEncoding = 4; lastKnownFileType = sourcecode.c.c; path = mat4_wrap.c; sourceTree = "<group>"; };
		2F2EA248110B6AAF002FCC3F /* quat.i */ = {isa = PBXFileReference; fileEncoding = 4; lastKnownFileType = sourcecode.c.c.preprocessed; path = quat.i; sourceTree = "<group>"; };
		2F2EA249110B6AAF002FCC3F /* quat_wrap.c */ = {isa = PBXFileReference; fileEncoding = 4; lastKnownFileType = sourcecode.c.c; path = quat_wrap.c; sourceTree = "<group>"; };
		2F2EA24A110B6AAF002FCC3F /* vec3.i */ = {isa = PBXFileReference; fileEncoding = 4; lastKnownFileType = sourcecode.c.c.preprocessed; path = vec3.i; sourceTree = "<group>"; };
		2F2EA24B110B6AAF002FCC3F /* vec3_wrap.c */ = {isa = PBXFileReference; fileEncoding = 4; lastKnownFileType = sourcecode.c.c; path = vec3_wrap.c; sourceTree = "<group>"; };
		2F396F5A110F028500998DC1 /* render_wrap.c */ = {isa = PBXFileReference; fileEncoding = 4; lastKnownFileType = sourcecode.c.c; path = render_wrap.c; sourceTree = "<group>"; };
		2F396F5B110F028500998DC1 /* render.i */ = {isa = PBXFileReference; fileEncoding = 4; lastKnownFileType = sourcecode.c.c.preprocessed; path = render.i; sourceTree = "<group>"; };
		2F396FC5110F4C4900998DC1 /* event.c */ = {isa = PBXFileReference; fileEncoding = 4; lastKnownFileType = sourcecode.c.c; name = event.c; path = ../../source/osx/event.c; sourceTree = SOURCE_ROOT; };
		2F396FC7110F4C5D00998DC1 /* event.h */ = {isa = PBXFileReference; fileEncoding = 4; lastKnownFileType = sourcecode.c.h; name = event.h; path = ../../include/event.h; sourceTree = SOURCE_ROOT; };
		2F396FDE110F505600998DC1 /* event_wrap.c */ = {isa = PBXFileReference; fileEncoding = 4; lastKnownFileType = sourcecode.c.c; path = event_wrap.c; sourceTree = "<group>"; };
		2F396FDF110F505600998DC1 /* event.i */ = {isa = PBXFileReference; fileEncoding = 4; lastKnownFileType = sourcecode.c.c.preprocessed; path = event.i; sourceTree = "<group>"; };
/* End PBXFileReference section */

/* Begin PBXFrameworksBuildPhase section */
		2F2E9F63110A043A002FCC3F /* Frameworks */ = {
			isa = PBXFrameworksBuildPhase;
			buildActionMask = 2147483647;
			files = (
			);
			runOnlyForDeploymentPostprocessing = 0;
		};
/* End PBXFrameworksBuildPhase section */

/* Begin PBXGroup section */
		2F2E9F3B1109FA66002FCC3F = {
			isa = PBXGroup;
			children = (
				2F2EA06F110AD2BE002FCC3F /* lua */,
				2F2E9F461109FA81002FCC3F /* source */,
				2F2E9F451109FA76002FCC3F /* include */,
				2F2E9F66110A043A002FCC3F /* Products */,
				2F2E9F68110A043A002FCC3F /* ConceptEngine-Info.plist */,
			);
			sourceTree = "<group>";
		};
		2F2E9F451109FA76002FCC3F /* include */ = {
			isa = PBXGroup;
			children = (
				2F396FC7110F4C5D00998DC1 /* event.h */,
				2F2E9FF7110A06AE002FCC3F /* actions.h */,
				2F2E9FF8110A06AE002FCC3F /* array.h */,
				2F2E9FF9110A06AE002FCC3F /* behavior.h */,
				2F2E9FFA110A06AE002FCC3F /* box2d.h */,
				2F2E9FFB110A06AE002FCC3F /* game_entity.h */,
				2F2E9FFC110A06AE002FCC3F /* game_helper.h */,
				2F2E9FFD110A06AE002FCC3F /* game.h */,
				2F2E9FFE110A06AE002FCC3F /* mat4.h */,
				2F2E9FFF110A06AE002FCC3F /* quat.h */,
				2F2EA000110A06AE002FCC3F /* rendering.h */,
				2F2EA001110A06AE002FCC3F /* rules.h */,
				2F2EA002110A06AE002FCC3F /* vec3.h */,
			);
			name = include;
			sourceTree = "<group>";
		};
		2F2E9F461109FA81002FCC3F /* source */ = {
			isa = PBXGroup;
			children = (
				2F2EA244110B6AAF002FCC3F /* lua_wrap */,
				2F2E9FED110A05D7002FCC3F /* osx */,
				2F2E9FD7110A0581002FCC3F /* actions.c */,
				2F2E9FD8110A0581002FCC3F /* array.c */,
				2F2E9FD9110A0581002FCC3F /* behavior.c */,
				2F2E9FDA110A0581002FCC3F /* box2d.c */,
				2F396FC5110F4C4900998DC1 /* event.c */,
				2F2E9FDB110A0581002FCC3F /* game_helper.c */,
				2F2E9FDC110A0581002FCC3F /* game.c */,
				2F2E9FDD110A0581002FCC3F /* mat4.c */,
				2F2E9FDE110A0581002FCC3F /* quat.c */,
				2F2E9FDF110A0581002FCC3F /* rendering.c */,
				2F2E9FE0110A0581002FCC3F /* rules.c */,
				2F2E9FE1110A0581002FCC3F /* vec3.c */,
			);
			name = source;
			sourceTree = "<group>";
		};
		2F2E9F66110A043A002FCC3F /* Products */ = {
			isa = PBXGroup;
			children = (
				2F2E9F65110A043A002FCC3F /* ConceptEngine.app */,
			);
			name = Products;
			sourceTree = "<group>";
		};
		2F2E9FED110A05D7002FCC3F /* osx */ = {
			isa = PBXGroup;
			children = (
				2F2EA011110A0904002FCC3F /* main.c */,
				2F2E9FEE110A05D7002FCC3F /* SDLMain.h */,
				2F2E9FEF110A05D7002FCC3F /* SDLMain.m */,
			);
			name = osx;
			path = ../../source/osx;
			sourceTree = SOURCE_ROOT;
		};
		2F2EA06F110AD2BE002FCC3F /* lua */ = {
			isa = PBXGroup;
			children = (
				2F2EA079110AD323002FCC3F /* src */,
				2F2EA071110AD30B002FCC3F /* include */,
			);
			name = lua;
			sourceTree = "<group>";
		};
		2F2EA079110AD323002FCC3F /* src */ = {
			isa = PBXGroup;
			children = (
				2F2EA07D110AD323002FCC3F /* lapi.c */,
				2F2EA07E110AD323002FCC3F /* lapi.h */,
				2F2EA07F110AD323002FCC3F /* lauxlib.c */,
				2F2EA080110AD323002FCC3F /* lauxlib.h */,
				2F2EA081110AD323002FCC3F /* lbaselib.c */,
				2F2EA082110AD323002FCC3F /* lcode.c */,
				2F2EA083110AD323002FCC3F /* lcode.h */,
				2F2EA084110AD323002FCC3F /* ldblib.c */,
				2F2EA085110AD323002FCC3F /* ldebug.c */,
				2F2EA086110AD323002FCC3F /* ldebug.h */,
				2F2EA087110AD323002FCC3F /* ldo.c */,
				2F2EA088110AD323002FCC3F /* ldo.h */,
				2F2EA089110AD323002FCC3F /* ldump.c */,
				2F2EA08A110AD323002FCC3F /* lfunc.c */,
				2F2EA08B110AD323002FCC3F /* lfunc.h */,
				2F2EA08C110AD323002FCC3F /* lgc.c */,
				2F2EA08D110AD323002FCC3F /* lgc.h */,
				2F2EA08E110AD323002FCC3F /* linit.c */,
				2F2EA08F110AD323002FCC3F /* liolib.c */,
				2F2EA090110AD323002FCC3F /* llex.c */,
				2F2EA091110AD323002FCC3F /* llex.h */,
				2F2EA092110AD323002FCC3F /* llimits.h */,
				2F2EA093110AD323002FCC3F /* lmathlib.c */,
				2F2EA094110AD323002FCC3F /* lmem.c */,
				2F2EA095110AD323002FCC3F /* lmem.h */,
				2F2EA096110AD323002FCC3F /* loadlib.c */,
				2F2EA097110AD323002FCC3F /* lobject.c */,
				2F2EA098110AD323002FCC3F /* lobject.h */,
				2F2EA099110AD323002FCC3F /* lopcodes.c */,
				2F2EA09A110AD323002FCC3F /* lopcodes.h */,
				2F2EA09B110AD323002FCC3F /* loslib.c */,
				2F2EA09C110AD323002FCC3F /* lparser.c */,
				2F2EA09D110AD323002FCC3F /* lparser.h */,
				2F2EA09E110AD323002FCC3F /* lstate.c */,
				2F2EA09F110AD323002FCC3F /* lstate.h */,
				2F2EA0A0110AD323002FCC3F /* lstring.c */,
				2F2EA0A1110AD323002FCC3F /* lstring.h */,
				2F2EA0A2110AD323002FCC3F /* lstrlib.c */,
				2F2EA0A3110AD323002FCC3F /* ltable.c */,
				2F2EA0A4110AD323002FCC3F /* ltable.h */,
				2F2EA0A5110AD323002FCC3F /* ltablib.c */,
				2F2EA0A6110AD323002FCC3F /* ltm.c */,
				2F2EA0A7110AD323002FCC3F /* ltm.h */,
				2F2EA0B5110AD323002FCC3F /* luaconf.h */,
				2F2EA0B6110AD323002FCC3F /* lualib.h */,
				2F2EA0B7110AD323002FCC3F /* lundump.c */,
				2F2EA0B8110AD323002FCC3F /* lundump.h */,
				2F2EA0B9110AD323002FCC3F /* lvm.c */,
				2F2EA0BA110AD323002FCC3F /* lvm.h */,
				2F2EA0BB110AD323002FCC3F /* lzio.c */,
				2F2EA0BC110AD323002FCC3F /* lzio.h */,
				2F2EA0C1110AD323002FCC3F /* print.c */,
			);
			name = src;
			path = ../../../../SDK/lua5.1.4/src;
			sourceTree = SOURCE_ROOT;
		};
		2F2EA244110B6AAF002FCC3F /* lua_wrap */ = {
			isa = PBXGroup;
			children = (
				2F396FDE110F505600998DC1 /* event_wrap.c */,
				2F396FDF110F505600998DC1 /* event.i */,
				2F396F5A110F028500998DC1 /* render_wrap.c */,
				2F396F5B110F028500998DC1 /* render.i */,
				2F2EA246110B6AAF002FCC3F /* mat4.i */,
				2F2EA247110B6AAF002FCC3F /* mat4_wrap.c */,
				2F2EA248110B6AAF002FCC3F /* quat.i */,
				2F2EA249110B6AAF002FCC3F /* quat_wrap.c */,
				2F2EA24A110B6AAF002FCC3F /* vec3.i */,
				2F2EA24B110B6AAF002FCC3F /* vec3_wrap.c */,
			);
			name = lua_wrap;
			path = ../../source/lua_wrap;
			sourceTree = SOURCE_ROOT;
		};
/* End PBXGroup section */

/* Begin PBXNativeTarget section */
		2F2E9F64110A043A002FCC3F /* ConceptEngine */ = {
			isa = PBXNativeTarget;
			buildConfigurationList = 2F2E9F6B110A043B002FCC3F /* Build configuration list for PBXNativeTarget "ConceptEngine" */;
			buildPhases = (
				2F2E9F61110A043A002FCC3F /* Resources */,
				2F2E9F62110A043A002FCC3F /* Sources */,
				2F2E9F63110A043A002FCC3F /* Frameworks */,
			);
			buildRules = (
			);
			dependencies = (
			);
			name = ConceptEngine;
			productName = ConceptEngine;
			productReference = 2F2E9F65110A043A002FCC3F /* ConceptEngine.app */;
			productType = "com.apple.product-type.application";
		};
/* End PBXNativeTarget section */

/* Begin PBXProject section */
		2F2E9F3D1109FA66002FCC3F /* Project object */ = {
			isa = PBXProject;
			buildConfigurationList = 2F2E9F401109FA66002FCC3F /* Build configuration list for PBXProject "ConceptEngine" */;
			compatibilityVersion = "Xcode 2.4";
			hasScannedForEncodings = 0;
			mainGroup = 2F2E9F3B1109FA66002FCC3F;
			productRefGroup = 2F2E9F66110A043A002FCC3F /* Products */;
			projectDirPath = "";
			projectRoot = "";
			targets = (
				2F2E9F64110A043A002FCC3F /* ConceptEngine */,
			);
		};
/* End PBXProject section */

/* Begin PBXResourcesBuildPhase section */
		2F2E9F61110A043A002FCC3F /* Resources */ = {
			isa = PBXResourcesBuildPhase;
			buildActionMask = 2147483647;
			files = (
				2F2EA078110AD30B002FCC3F /* include in Resources */,
			);
			runOnlyForDeploymentPostprocessing = 0;
		};
/* End PBXResourcesBuildPhase section */

/* Begin PBXSourcesBuildPhase section */
		2F2E9F62110A043A002FCC3F /* Sources */ = {
			isa = PBXSourcesBuildPhase;
			buildActionMask = 2147483647;
			files = (
				2F2E9FE2110A0581002FCC3F /* actions.c in Sources */,
				2F2E9FE3110A0581002FCC3F /* array.c in Sources */,
				2F2E9FE4110A0581002FCC3F /* behavior.c in Sources */,
				2F2E9FE5110A0581002FCC3F /* box2d.c in Sources */,
				2F2E9FE6110A0581002FCC3F /* game_helper.c in Sources */,
				2F2E9FE8110A0581002FCC3F /* mat4.c in Sources */,
				2F2E9FE9110A0581002FCC3F /* quat.c in Sources */,
				2F2E9FEA110A0581002FCC3F /* rendering.c in Sources */,
				2F2E9FEB110A0581002FCC3F /* rules.c in Sources */,
				2F2E9FEC110A0581002FCC3F /* vec3.c in Sources */,
				2F2E9FF0110A05D7002FCC3F /* SDLMain.m in Sources */,
				2F2EA012110A0904002FCC3F /* main.c in Sources */,
				2F2EA0CB110AD323002FCC3F /* lapi.c in Sources */,
				2F2EA0CC110AD323002FCC3F /* lauxlib.c in Sources */,
				2F2EA0CD110AD323002FCC3F /* lbaselib.c in Sources */,
				2F2EA0CE110AD323002FCC3F /* lcode.c in Sources */,
				2F2EA0CF110AD323002FCC3F /* ldblib.c in Sources */,
				2F2EA0D0110AD323002FCC3F /* ldebug.c in Sources */,
				2F2EA0D1110AD323002FCC3F /* ldo.c in Sources */,
				2F2EA0D2110AD323002FCC3F /* ldump.c in Sources */,
				2F2EA0D3110AD323002FCC3F /* lfunc.c in Sources */,
				2F2EA0D4110AD323002FCC3F /* lgc.c in Sources */,
				2F2EA0D5110AD323002FCC3F /* linit.c in Sources */,
				2F2EA0D6110AD323002FCC3F /* liolib.c in Sources */,
				2F2EA0D7110AD323002FCC3F /* llex.c in Sources */,
				2F2EA0D8110AD323002FCC3F /* lmathlib.c in Sources */,
				2F2EA0D9110AD323002FCC3F /* lmem.c in Sources */,
				2F2EA0DA110AD323002FCC3F /* loadlib.c in Sources */,
				2F2EA0DB110AD323002FCC3F /* lobject.c in Sources */,
				2F2EA0DC110AD323002FCC3F /* lopcodes.c in Sources */,
				2F2EA0DD110AD323002FCC3F /* loslib.c in Sources */,
				2F2EA0DE110AD323002FCC3F /* lparser.c in Sources */,
				2F2EA0DF110AD323002FCC3F /* lstate.c in Sources */,
				2F2EA0E0110AD323002FCC3F /* lstring.c in Sources */,
				2F2EA0E1110AD323002FCC3F /* lstrlib.c in Sources */,
				2F2EA0E2110AD323002FCC3F /* ltable.c in Sources */,
				2F2EA0E3110AD323002FCC3F /* ltablib.c in Sources */,
				2F2EA0E4110AD323002FCC3F /* ltm.c in Sources */,
				2F2EA0F1110AD323002FCC3F /* lundump.c in Sources */,
				2F2EA0F2110AD323002FCC3F /* lvm.c in Sources */,
				2F2EA0F3110AD323002FCC3F /* lzio.c in Sources */,
				2F2EA0F8110AD323002FCC3F /* print.c in Sources */,
				2F2EA24E110B6AAF002FCC3F /* mat4_wrap.c in Sources */,
				2F2EA250110B6AAF002FCC3F /* quat_wrap.c in Sources */,
				2F2EA252110B6AAF002FCC3F /* vec3_wrap.c in Sources */,
				2F396F5C110F028500998DC1 /* render_wrap.c in Sources */,
				2F396FC6110F4C4900998DC1 /* event.c in Sources */,
				2F396FE0110F505600998DC1 /* event_wrap.c in Sources */,
				2F39702111105C3F00998DC1 /* game.c in Sources */,
			);
			runOnlyForDeploymentPostprocessing = 0;
		};
/* End PBXSourcesBuildPhase section */

/* Begin XCBuildConfiguration section */
		2F2E9F3E1109FA66002FCC3F /* Debug */ = {
			isa = XCBuildConfiguration;
			buildSettings = {
				COPY_PHASE_STRIP = NO;
				SDKROOT = /Developer/SDKs/MacOSX10.5.sdk;
			};
			name = Debug;
		};
		2F2E9F3F1109FA66002FCC3F /* Release */ = {
			isa = XCBuildConfiguration;
			buildSettings = {
				COPY_PHASE_STRIP = YES;
				SDKROOT = /Developer/SDKs/MacOSX10.5.sdk;
			};
			name = Release;
		};
		2F2E9F69110A043B002FCC3F /* Debug */ = {
			isa = XCBuildConfiguration;
			buildSettings = {
				COPY_PHASE_STRIP = NO;
				GCC_DYNAMIC_NO_PIC = NO;
				GCC_ENABLE_FIX_AND_CONTINUE = YES;
				GCC_MODEL_TUNING = G5;
				GCC_OPTIMIZATION_LEVEL = 0;
				INFOPLIST_FILE = "ConceptEngine-Info.plist";
				INSTALL_PATH = "$(HOME)/Applications";
				LIBRARY_SEARCH_PATHS = /Users/ninzine/Code/SDK/lua5_1_4_Darwin94x86_lib/lib;
				OTHER_LDFLAGS = (
					"-framework",
					Cocoa,
					"-framework",
					OpenAL,
					"-framework",
					OpenGL,
					"-framework",
					SDL,
				);
				PREBINDING = NO;
				PRODUCT_NAME = ConceptEngine;
				USER_HEADER_SEARCH_PATHS = /Users/ninzine/Code/SDK/lua5_1_4_Darwin94x86_lib/include;
				WARNING_CFLAGS = "-Wall";
			};
			name = Debug;
		};
		2F2E9F6A110A043B002FCC3F /* Release */ = {
			isa = XCBuildConfiguration;
			buildSettings = {
				ALWAYS_SEARCH_USER_PATHS = NO;
				COPY_PHASE_STRIP = YES;
				DEBUG_INFORMATION_FORMAT = "dwarf-with-dsym";
				GCC_ENABLE_FIX_AND_CONTINUE = NO;
				GCC_MODEL_TUNING = G5;
				GCC_PRECOMPILE_PREFIX_HEADER = YES;
				GCC_PREFIX_HEADER = "$(SYSTEM_LIBRARY_DIR)/Frameworks/AppKit.framework/Headers/AppKit.h";
				INFOPLIST_FILE = "ConceptEngine-Info.plist";
				INSTALL_PATH = "$(HOME)/Applications";
				LIBRARY_SEARCH_PATHS = (
					"$(inherited)",
					"$(LIBRARY_SEARCH_PATHS_QUOTED_FOR_TARGET_1)",
				);
				LIBRARY_SEARCH_PATHS_QUOTED_FOR_TARGET_1 = "\"$(SRCROOT)/../../../../SDK/lua5_1_4_Darwin94x86_lib/lib\"";
				OTHER_LDFLAGS = (
					"-framework",
					Foundation,
					"-framework",
					AppKit,
				);
				PREBINDING = NO;
				PRODUCT_NAME = ConceptEngine;
				ZERO_LINK = NO;
			};
			name = Release;
		};
/* End XCBuildConfiguration section */

/* Begin XCConfigurationList section */
		2F2E9F401109FA66002FCC3F /* Build configuration list for PBXProject "ConceptEngine" */ = {
			isa = XCConfigurationList;
			buildConfigurations = (
				2F2E9F3E1109FA66002FCC3F /* Debug */,
				2F2E9F3F1109FA66002FCC3F /* Release */,
			);
			defaultConfigurationIsVisible = 0;
			defaultConfigurationName = Release;
		};
		2F2E9F6B110A043B002FCC3F /* Build configuration list for PBXNativeTarget "ConceptEngine" */ = {
			isa = XCConfigurationList;
			buildConfigurations = (
				2F2E9F69110A043B002FCC3F /* Debug */,
				2F2E9F6A110A043B002FCC3F /* Release */,
			);
			defaultConfigurationIsVisible = 0;
			defaultConfigurationName = Release;
		};
/* End XCConfigurationList section */
	};
	rootObject = 2F2E9F3D1109FA66002FCC3F /* Project object */;
}
