// !$*UTF8*$!
{
	archiveVersion = 1;
	classes = {
	};
	objectVersion = 42;
	objects = {

/* Begin PBXBuildFile section */
		2F0D30461127848C00CF9354 /* event.c in Sources */ = {isa = PBXBuildFile; fileRef = 2F0D30441127848C00CF9354 /* event.c */; };
		2F0D30471127848C00CF9354 /* main.c in Sources */ = {isa = PBXBuildFile; fileRef = 2F0D30451127848C00CF9354 /* main.c */; };
		2F299B7A1192F6A60064C4FB /* system.c in Sources */ = {isa = PBXBuildFile; fileRef = 2F299B791192F6A60064C4FB /* system.c */; };
		2F2E093011983B740010F21F /* log.c in Sources */ = {isa = PBXBuildFile; fileRef = 2F2E092F11983B740010F21F /* log.c */; };
		2F2E9FE8110A0581002FCC3F /* mat4.c in Sources */ = {isa = PBXBuildFile; fileRef = 2F2E9FDD110A0581002FCC3F /* mat4.c */; };
		2F2E9FE9110A0581002FCC3F /* quat.c in Sources */ = {isa = PBXBuildFile; fileRef = 2F2E9FDE110A0581002FCC3F /* quat.c */; };
		2F2E9FEA110A0581002FCC3F /* rendering.c in Sources */ = {isa = PBXBuildFile; fileRef = 2F2E9FDF110A0581002FCC3F /* rendering.c */; };
		2F2E9FEC110A0581002FCC3F /* vec3.c in Sources */ = {isa = PBXBuildFile; fileRef = 2F2E9FE1110A0581002FCC3F /* vec3.c */; };
		2F2E9FF0110A05D7002FCC3F /* SDLMain.m in Sources */ = {isa = PBXBuildFile; fileRef = 2F2E9FEF110A05D7002FCC3F /* SDLMain.m */; };
		2F2EA24E110B6AAF002FCC3F /* mat4_wrap.c in Sources */ = {isa = PBXBuildFile; fileRef = 2F2EA247110B6AAF002FCC3F /* mat4_wrap.c */; };
		2F2EA250110B6AAF002FCC3F /* quat_wrap.c in Sources */ = {isa = PBXBuildFile; fileRef = 2F2EA249110B6AAF002FCC3F /* quat_wrap.c */; };
		2F2EA252110B6AAF002FCC3F /* vec3_wrap.c in Sources */ = {isa = PBXBuildFile; fileRef = 2F2EA24B110B6AAF002FCC3F /* vec3_wrap.c */; };
		2F375B50112D849F00D5DC5E /* net.c in Sources */ = {isa = PBXBuildFile; fileRef = 2F375B4F112D849F00D5DC5E /* net.c */; };
		2F375B98112D99AD00D5DC5E /* net_wrap.c in Sources */ = {isa = PBXBuildFile; fileRef = 2F375B96112D99AD00D5DC5E /* net_wrap.c */; };
		2F396F5C110F028500998DC1 /* render_wrap.c in Sources */ = {isa = PBXBuildFile; fileRef = 2F396F5A110F028500998DC1 /* render_wrap.c */; };
		2F396FE0110F505600998DC1 /* event_wrap.c in Sources */ = {isa = PBXBuildFile; fileRef = 2F396FDE110F505600998DC1 /* event_wrap.c */; };
		2F3972111110A6D700998DC1 /* sound.c in Sources */ = {isa = PBXBuildFile; fileRef = 2F3972101110A6D700998DC1 /* sound.c */; };
		2F5CB8EF11862BBF008DC38E /* sound_wrap.c in Sources */ = {isa = PBXBuildFile; fileRef = 2F5CB8ED11862BBF008DC38E /* sound_wrap.c */; };
		2FB2C1E711662E6200C1AECD /* blender.c in Sources */ = {isa = PBXBuildFile; fileRef = 2FB2C1E611662E6200C1AECD /* blender.c */; };
		2FB2C1E911662E7200C1AECD /* blender_wrap.c in Sources */ = {isa = PBXBuildFile; fileRef = 2FB2C1E811662E7200C1AECD /* blender_wrap.c */; };
		2FFADBA811453E1F00218944 /* image.c in Sources */ = {isa = PBXBuildFile; fileRef = 2FFADBA711453E1F00218944 /* image.c */; };
		2FFADBB8114540B600218944 /* image_wrap.c in Sources */ = {isa = PBXBuildFile; fileRef = 2FFADBB6114540B600218944 /* image_wrap.c */; };
/* End PBXBuildFile section */

/* Begin PBXFileReference section */
		2F0D30441127848C00CF9354 /* event.c */ = {isa = PBXFileReference; fileEncoding = 4; lastKnownFileType = sourcecode.c.c; name = event.c; path = ../../source/event.c; sourceTree = "<group>"; };
		2F0D30451127848C00CF9354 /* main.c */ = {isa = PBXFileReference; fileEncoding = 4; lastKnownFileType = sourcecode.c.c; path = main.c; sourceTree = "<group>"; };
		2F299B341192E37F0064C4FB /* mesh.h */ = {isa = PBXFileReference; fileEncoding = 4; lastKnownFileType = sourcecode.c.h; name = mesh.h; path = ../../include/mesh.h; sourceTree = SOURCE_ROOT; };
		2F299B351192E3B70064C4FB /* ifopen.h */ = {isa = PBXFileReference; fileEncoding = 4; lastKnownFileType = sourcecode.c.h; name = ifopen.h; path = ../../include/ifopen.h; sourceTree = SOURCE_ROOT; };
		2F299B781192F6950064C4FB /* system.h */ = {isa = PBXFileReference; fileEncoding = 4; lastKnownFileType = sourcecode.c.h; name = system.h; path = ../../include/system.h; sourceTree = SOURCE_ROOT; };
		2F299B791192F6A60064C4FB /* system.c */ = {isa = PBXFileReference; fileEncoding = 4; lastKnownFileType = sourcecode.c.c; name = system.c; path = ../../source/system.c; sourceTree = SOURCE_ROOT; };
		2F2E092C11983B520010F21F /* log.h */ = {isa = PBXFileReference; fileEncoding = 4; lastKnownFileType = sourcecode.c.h; name = log.h; path = ../../include/log.h; sourceTree = SOURCE_ROOT; };
		2F2E092F11983B740010F21F /* log.c */ = {isa = PBXFileReference; fileEncoding = 4; lastKnownFileType = sourcecode.c.c; name = log.c; path = ../../source/log.c; sourceTree = SOURCE_ROOT; };
		2F2E9F65110A043A002FCC3F /* ConceptEngine.app */ = {isa = PBXFileReference; explicitFileType = wrapper.application; includeInIndex = 0; path = ConceptEngine.app; sourceTree = BUILT_PRODUCTS_DIR; };
		2F2E9F68110A043A002FCC3F /* ConceptEngine-Info.plist */ = {isa = PBXFileReference; lastKnownFileType = text.plist.xml; path = "ConceptEngine-Info.plist"; sourceTree = "<group>"; };
		2F2E9FDD110A0581002FCC3F /* mat4.c */ = {isa = PBXFileReference; fileEncoding = 4; lastKnownFileType = sourcecode.c.c; name = mat4.c; path = ../../source/mat4.c; sourceTree = SOURCE_ROOT; };
		2F2E9FDE110A0581002FCC3F /* quat.c */ = {isa = PBXFileReference; fileEncoding = 4; lastKnownFileType = sourcecode.c.c; name = quat.c; path = ../../source/quat.c; sourceTree = SOURCE_ROOT; };
		2F2E9FDF110A0581002FCC3F /* rendering.c */ = {isa = PBXFileReference; fileEncoding = 4; lastKnownFileType = sourcecode.c.c; name = rendering.c; path = ../../source/rendering.c; sourceTree = SOURCE_ROOT; };
		2F2E9FE1110A0581002FCC3F /* vec3.c */ = {isa = PBXFileReference; fileEncoding = 4; lastKnownFileType = sourcecode.c.c; name = vec3.c; path = ../../source/vec3.c; sourceTree = SOURCE_ROOT; };
		2F2E9FEE110A05D7002FCC3F /* SDLMain.h */ = {isa = PBXFileReference; fileEncoding = 4; lastKnownFileType = sourcecode.c.h; path = SDLMain.h; sourceTree = "<group>"; };
		2F2E9FEF110A05D7002FCC3F /* SDLMain.m */ = {isa = PBXFileReference; fileEncoding = 4; lastKnownFileType = sourcecode.c.objc; path = SDLMain.m; sourceTree = "<group>"; };
		2F2E9FFE110A06AE002FCC3F /* mat4.h */ = {isa = PBXFileReference; fileEncoding = 4; lastKnownFileType = sourcecode.c.h; name = mat4.h; path = ../../include/mat4.h; sourceTree = SOURCE_ROOT; };
		2F2E9FFF110A06AE002FCC3F /* quat.h */ = {isa = PBXFileReference; fileEncoding = 4; lastKnownFileType = sourcecode.c.h; name = quat.h; path = ../../include/quat.h; sourceTree = SOURCE_ROOT; };
		2F2EA000110A06AE002FCC3F /* rendering.h */ = {isa = PBXFileReference; fileEncoding = 4; lastKnownFileType = sourcecode.c.h; name = rendering.h; path = ../../include/rendering.h; sourceTree = SOURCE_ROOT; };
		2F2EA002110A06AE002FCC3F /* vec3.h */ = {isa = PBXFileReference; fileEncoding = 4; lastKnownFileType = sourcecode.c.h; name = vec3.h; path = ../../include/vec3.h; sourceTree = SOURCE_ROOT; };
		2F2EA246110B6AAF002FCC3F /* mat4.i */ = {isa = PBXFileReference; fileEncoding = 4; lastKnownFileType = sourcecode.c.c.preprocessed; path = mat4.i; sourceTree = "<group>"; };
		2F2EA247110B6AAF002FCC3F /* mat4_wrap.c */ = {isa = PBXFileReference; fileEncoding = 4; lastKnownFileType = sourcecode.c.c; path = mat4_wrap.c; sourceTree = "<group>"; };
		2F2EA248110B6AAF002FCC3F /* quat.i */ = {isa = PBXFileReference; fileEncoding = 4; lastKnownFileType = sourcecode.c.c.preprocessed; path = quat.i; sourceTree = "<group>"; };
		2F2EA249110B6AAF002FCC3F /* quat_wrap.c */ = {isa = PBXFileReference; fileEncoding = 4; lastKnownFileType = sourcecode.c.c; path = quat_wrap.c; sourceTree = "<group>"; };
		2F2EA24A110B6AAF002FCC3F /* vec3.i */ = {isa = PBXFileReference; fileEncoding = 4; lastKnownFileType = sourcecode.c.c.preprocessed; path = vec3.i; sourceTree = "<group>"; };
		2F2EA24B110B6AAF002FCC3F /* vec3_wrap.c */ = {isa = PBXFileReference; fileEncoding = 4; lastKnownFileType = sourcecode.c.c; path = vec3_wrap.c; sourceTree = "<group>"; };
		2F375B4F112D849F00D5DC5E /* net.c */ = {isa = PBXFileReference; fileEncoding = 4; lastKnownFileType = sourcecode.c.c; name = net.c; path = ../../source/net.c; sourceTree = SOURCE_ROOT; };
		2F375B51112D84B000D5DC5E /* net.h */ = {isa = PBXFileReference; fileEncoding = 4; lastKnownFileType = sourcecode.c.h; name = net.h; path = ../../include/net.h; sourceTree = SOURCE_ROOT; };
		2F375B96112D99AD00D5DC5E /* net_wrap.c */ = {isa = PBXFileReference; fileEncoding = 4; lastKnownFileType = sourcecode.c.c; path = net_wrap.c; sourceTree = "<group>"; };
		2F375B97112D99AD00D5DC5E /* net.i */ = {isa = PBXFileReference; fileEncoding = 4; lastKnownFileType = sourcecode.c.c.preprocessed; path = net.i; sourceTree = "<group>"; };
		2F396F5A110F028500998DC1 /* render_wrap.c */ = {isa = PBXFileReference; fileEncoding = 4; lastKnownFileType = sourcecode.c.c; path = render_wrap.c; sourceTree = "<group>"; };
		2F396F5B110F028500998DC1 /* render.i */ = {isa = PBXFileReference; fileEncoding = 4; lastKnownFileType = sourcecode.c.c.preprocessed; path = render.i; sourceTree = "<group>"; };
		2F396FC7110F4C5D00998DC1 /* event.h */ = {isa = PBXFileReference; fileEncoding = 4; lastKnownFileType = sourcecode.c.h; name = event.h; path = ../../include/event.h; sourceTree = SOURCE_ROOT; };
		2F396FDE110F505600998DC1 /* event_wrap.c */ = {isa = PBXFileReference; fileEncoding = 4; lastKnownFileType = sourcecode.c.c; path = event_wrap.c; sourceTree = "<group>"; };
		2F396FDF110F505600998DC1 /* event.i */ = {isa = PBXFileReference; fileEncoding = 4; lastKnownFileType = sourcecode.c.c.preprocessed; path = event.i; sourceTree = "<group>"; };
		2F39720F1110A6C900998DC1 /* sound.h */ = {isa = PBXFileReference; fileEncoding = 4; lastKnownFileType = sourcecode.c.h; name = sound.h; path = ../../include/sound.h; sourceTree = SOURCE_ROOT; };
		2F3972101110A6D700998DC1 /* sound.c */ = {isa = PBXFileReference; fileEncoding = 4; lastKnownFileType = sourcecode.c.c; name = sound.c; path = ../../source/sound.c; sourceTree = SOURCE_ROOT; };
		2F5CB8ED11862BBF008DC38E /* sound_wrap.c */ = {isa = PBXFileReference; fileEncoding = 4; lastKnownFileType = sourcecode.c.c; path = sound_wrap.c; sourceTree = "<group>"; };
		2F5CB8EE11862BBF008DC38E /* sound.i */ = {isa = PBXFileReference; fileEncoding = 4; lastKnownFileType = sourcecode.c.c.preprocessed; path = sound.i; sourceTree = "<group>"; };
		2FB2C1E311662E2D00C1AECD /* blender.h */ = {isa = PBXFileReference; fileEncoding = 4; lastKnownFileType = sourcecode.c.h; name = blender.h; path = ../../include/blender.h; sourceTree = SOURCE_ROOT; };
		2FB2C1E411662E3C00C1AECD /* blender.i */ = {isa = PBXFileReference; fileEncoding = 4; lastKnownFileType = sourcecode.c.c.preprocessed; path = blender.i; sourceTree = "<group>"; };
		2FB2C1E611662E6200C1AECD /* blender.c */ = {isa = PBXFileReference; fileEncoding = 4; lastKnownFileType = sourcecode.c.c; name = blender.c; path = ../../source/blender.c; sourceTree = SOURCE_ROOT; };
		2FB2C1E811662E7200C1AECD /* blender_wrap.c */ = {isa = PBXFileReference; fileEncoding = 4; lastKnownFileType = sourcecode.c.c; path = blender_wrap.c; sourceTree = "<group>"; };
		2FCE73151142C9B500D77BBC /* image.h */ = {isa = PBXFileReference; fileEncoding = 4; lastKnownFileType = sourcecode.c.h; name = image.h; path = ../../include/image.h; sourceTree = SOURCE_ROOT; };
		2FFADBA711453E1F00218944 /* image.c */ = {isa = PBXFileReference; fileEncoding = 4; lastKnownFileType = sourcecode.c.c; name = image.c; path = ../../source/image.c; sourceTree = SOURCE_ROOT; };
		2FFADBB6114540B600218944 /* image_wrap.c */ = {isa = PBXFileReference; fileEncoding = 4; lastKnownFileType = sourcecode.c.c; path = image_wrap.c; sourceTree = "<group>"; };
		2FFADBB7114540B600218944 /* image.i */ = {isa = PBXFileReference; fileEncoding = 4; lastKnownFileType = sourcecode.c.c.preprocessed; path = image.i; sourceTree = "<group>"; };
/* End PBXFileReference section */

/* Begin PBXFrameworksBuildPhase section */
		2F2E9F63110A043A002FCC3F /* Frameworks */ = {
			isa = PBXFrameworksBuildPhase;
			buildActionMask = 2147483647;
			files = (
			);
			runOnlyForDeploymentPostprocessing = 0;
		};
/* End PBXFrameworksBuildPhase section */

/* Begin PBXGroup section */
		2F0D30431127848C00CF9354 /* sdl */ = {
			isa = PBXGroup;
			children = (
				2F0D30451127848C00CF9354 /* main.c */,
			);
			name = sdl;
			path = ../../source/sdl;
			sourceTree = SOURCE_ROOT;
		};
		2F2E9F3B1109FA66002FCC3F = {
			isa = PBXGroup;
			children = (
				2F2E9F451109FA76002FCC3F /* include */,
				2F2E9F461109FA81002FCC3F /* source */,
				2F2E9F66110A043A002FCC3F /* Products */,
				2F2E9F68110A043A002FCC3F /* ConceptEngine-Info.plist */,
			);
			sourceTree = "<group>";
		};
		2F2E9F451109FA76002FCC3F /* include */ = {
			isa = PBXGroup;
			children = (
				2F2E092C11983B520010F21F /* log.h */,
				2F299B781192F6950064C4FB /* system.h */,
				2FB2C1E311662E2D00C1AECD /* blender.h */,
				2F396FC7110F4C5D00998DC1 /* event.h */,
				2F299B351192E3B70064C4FB /* ifopen.h */,
				2FCE73151142C9B500D77BBC /* image.h */,
				2F299B341192E37F0064C4FB /* mesh.h */,
				2F375B51112D84B000D5DC5E /* net.h */,
				2F2E9FFE110A06AE002FCC3F /* mat4.h */,
				2F2E9FFF110A06AE002FCC3F /* quat.h */,
				2F2EA000110A06AE002FCC3F /* rendering.h */,
				2F39720F1110A6C900998DC1 /* sound.h */,
				2F2EA002110A06AE002FCC3F /* vec3.h */,
			);
			name = include;
			sourceTree = "<group>";
		};
		2F2E9F461109FA81002FCC3F /* source */ = {
			isa = PBXGroup;
			children = (
				2F2EA244110B6AAF002FCC3F /* lua_wrap */,
				2F2E9FED110A05D7002FCC3F /* osx */,
				2F0D30431127848C00CF9354 /* sdl */,
				2FB2C1E611662E6200C1AECD /* blender.c */,
				2F0D30441127848C00CF9354 /* event.c */,
				2FFADBA711453E1F00218944 /* image.c */,
				2F2E092F11983B740010F21F /* log.c */,
				2F2E9FDD110A0581002FCC3F /* mat4.c */,
				2F375B4F112D849F00D5DC5E /* net.c */,
				2F2E9FDE110A0581002FCC3F /* quat.c */,
				2F2E9FDF110A0581002FCC3F /* rendering.c */,
				2F3972101110A6D700998DC1 /* sound.c */,
				2F299B791192F6A60064C4FB /* system.c */,
				2F2E9FE1110A0581002FCC3F /* vec3.c */,
			);
			name = source;
			sourceTree = "<group>";
		};
		2F2E9F66110A043A002FCC3F /* Products */ = {
			isa = PBXGroup;
			children = (
				2F2E9F65110A043A002FCC3F /* ConceptEngine.app */,
			);
			name = Products;
			sourceTree = "<group>";
		};
		2F2E9FED110A05D7002FCC3F /* osx */ = {
			isa = PBXGroup;
			children = (
				2F2E9FEE110A05D7002FCC3F /* SDLMain.h */,
				2F2E9FEF110A05D7002FCC3F /* SDLMain.m */,
			);
			name = osx;
			path = ../../source/osx;
			sourceTree = SOURCE_ROOT;
		};
		2F2EA244110B6AAF002FCC3F /* lua_wrap */ = {
			isa = PBXGroup;
			children = (
				2F5CB8ED11862BBF008DC38E /* sound_wrap.c */,
				2F5CB8EE11862BBF008DC38E /* sound.i */,
				2FB2C1E811662E7200C1AECD /* blender_wrap.c */,
				2FB2C1E411662E3C00C1AECD /* blender.i */,
				2FFADBB6114540B600218944 /* image_wrap.c */,
				2FFADBB7114540B600218944 /* image.i */,
				2F375B96112D99AD00D5DC5E /* net_wrap.c */,
				2F375B97112D99AD00D5DC5E /* net.i */,
				2F396FDE110F505600998DC1 /* event_wrap.c */,
				2F396FDF110F505600998DC1 /* event.i */,
				2F396F5A110F028500998DC1 /* render_wrap.c */,
				2F396F5B110F028500998DC1 /* render.i */,
				2F2EA246110B6AAF002FCC3F /* mat4.i */,
				2F2EA247110B6AAF002FCC3F /* mat4_wrap.c */,
				2F2EA248110B6AAF002FCC3F /* quat.i */,
				2F2EA249110B6AAF002FCC3F /* quat_wrap.c */,
				2F2EA24A110B6AAF002FCC3F /* vec3.i */,
				2F2EA24B110B6AAF002FCC3F /* vec3_wrap.c */,
			);
			name = lua_wrap;
			path = ../../source/lua_wrap;
			sourceTree = SOURCE_ROOT;
		};
/* End PBXGroup section */

/* Begin PBXNativeTarget section */
		2F2E9F64110A043A002FCC3F /* ConceptEngine */ = {
			isa = PBXNativeTarget;
			buildConfigurationList = 2F2E9F6B110A043B002FCC3F /* Build configuration list for PBXNativeTarget "ConceptEngine" */;
			buildPhases = (
				2F2E9F61110A043A002FCC3F /* Resources */,
				2F2E9F62110A043A002FCC3F /* Sources */,
				2F2E9F63110A043A002FCC3F /* Frameworks */,
			);
			buildRules = (
			);
			dependencies = (
			);
			name = ConceptEngine;
			productName = ConceptEngine;
			productReference = 2F2E9F65110A043A002FCC3F /* ConceptEngine.app */;
			productType = "com.apple.product-type.application";
		};
/* End PBXNativeTarget section */

/* Begin PBXProject section */
		2F2E9F3D1109FA66002FCC3F /* Project object */ = {
			isa = PBXProject;
			buildConfigurationList = 2F2E9F401109FA66002FCC3F /* Build configuration list for PBXProject "ConceptEngine" */;
			compatibilityVersion = "Xcode 2.4";
			hasScannedForEncodings = 0;
			mainGroup = 2F2E9F3B1109FA66002FCC3F;
			productRefGroup = 2F2E9F66110A043A002FCC3F /* Products */;
			projectDirPath = "";
			projectRoot = "";
			targets = (
				2F2E9F64110A043A002FCC3F /* ConceptEngine */,
			);
		};
/* End PBXProject section */

/* Begin PBXResourcesBuildPhase section */
		2F2E9F61110A043A002FCC3F /* Resources */ = {
			isa = PBXResourcesBuildPhase;
			buildActionMask = 2147483647;
			files = (
			);
			runOnlyForDeploymentPostprocessing = 0;
		};
/* End PBXResourcesBuildPhase section */

/* Begin PBXSourcesBuildPhase section */
		2F2E9F62110A043A002FCC3F /* Sources */ = {
			isa = PBXSourcesBuildPhase;
			buildActionMask = 2147483647;
			files = (
				2F2E9FE8110A0581002FCC3F /* mat4.c in Sources */,
				2F2E9FE9110A0581002FCC3F /* quat.c in Sources */,
				2F2E9FEA110A0581002FCC3F /* rendering.c in Sources */,
				2F2E9FEC110A0581002FCC3F /* vec3.c in Sources */,
				2F2E9FF0110A05D7002FCC3F /* SDLMain.m in Sources */,
				2F2EA24E110B6AAF002FCC3F /* mat4_wrap.c in Sources */,
				2F2EA250110B6AAF002FCC3F /* quat_wrap.c in Sources */,
				2F2EA252110B6AAF002FCC3F /* vec3_wrap.c in Sources */,
				2F396F5C110F028500998DC1 /* render_wrap.c in Sources */,
				2F396FE0110F505600998DC1 /* event_wrap.c in Sources */,
				2F3972111110A6D700998DC1 /* sound.c in Sources */,
				2F0D30461127848C00CF9354 /* event.c in Sources */,
				2F0D30471127848C00CF9354 /* main.c in Sources */,
				2F375B50112D849F00D5DC5E /* net.c in Sources */,
				2F375B98112D99AD00D5DC5E /* net_wrap.c in Sources */,
				2FFADBA811453E1F00218944 /* image.c in Sources */,
				2FFADBB8114540B600218944 /* image_wrap.c in Sources */,
				2FB2C1E711662E6200C1AECD /* blender.c in Sources */,
				2FB2C1E911662E7200C1AECD /* blender_wrap.c in Sources */,
				2F5CB8EF11862BBF008DC38E /* sound_wrap.c in Sources */,
				2F299B7A1192F6A60064C4FB /* system.c in Sources */,
				2F2E093011983B740010F21F /* log.c in Sources */,
			);
			runOnlyForDeploymentPostprocessing = 0;
		};
/* End PBXSourcesBuildPhase section */

/* Begin XCBuildConfiguration section */
		2F2E9F3E1109FA66002FCC3F /* Debug */ = {
			isa = XCBuildConfiguration;
			buildSettings = {
				ARCHS = "$(ARCHS_STANDARD_32_BIT_PRE_XCODE_3_1)";
				ARCHS_STANDARD_32_BIT_PRE_XCODE_3_1 = "ppc i386";
				COPY_PHASE_STRIP = NO;
				SDKROOT = /Developer/SDKs/MacOSX10.5.sdk;
			};
			name = Debug;
		};
		2F2E9F3F1109FA66002FCC3F /* Release */ = {
			isa = XCBuildConfiguration;
			buildSettings = {
				COPY_PHASE_STRIP = YES;
				SDKROOT = /Developer/SDKs/MacOSX10.5.sdk;
			};
			name = Release;
		};
		2F2E9F69110A043B002FCC3F /* Debug */ = {
			isa = XCBuildConfiguration;
			buildSettings = {
				COPY_PHASE_STRIP = NO;
				GCC_DYNAMIC_NO_PIC = NO;
				GCC_ENABLE_FIX_AND_CONTINUE = YES;
				GCC_MODEL_TUNING = G5;
				GCC_OPTIMIZATION_LEVEL = 0;
				HEADER_SEARCH_PATHS = /usr/local/include;
				INFOPLIST_FILE = "ConceptEngine-Info.plist";
				INSTALL_PATH = "$(HOME)/Applications";
				LIBRARY_SEARCH_PATHS = (
					/usr/local/lib,
					"/Users/ninzine/Code/SDK/lua-5.1/lib",
				);
				OTHER_CFLAGS = "-D__SDL__";
				OTHER_LDFLAGS = (
					"-framework",
					Vorbis,
					"-framework",
					Ogg,
					"-llua",
					"-lpng",
					"-framework",
					Cocoa,
					"-framework",
					OpenAL,
					"-framework",
					OpenGL,
					"-framework",
					SDL,
				);
				PREBINDING = NO;
				PRODUCT_NAME = ConceptEngine;
				USER_HEADER_SEARCH_PATHS = /Users/ninzine/Code/SDK/lua5_1_4_Darwin94x86_lib/include;
				WARNING_CFLAGS = "-Wall";
			};
			name = Debug;
		};
		2F2E9F6A110A043B002FCC3F /* Release */ = {
			isa = XCBuildConfiguration;
			buildSettings = {
				ALWAYS_SEARCH_USER_PATHS = NO;
				ARCHS = "$(ARCHS_STANDARD_32_64_BIT_PRE_XCODE_3_1)";
				ARCHS_STANDARD_32_64_BIT_PRE_XCODE_3_1 = "x86_64 i386 ppc";
				COPY_PHASE_STRIP = YES;
				DEBUG_INFORMATION_FORMAT = "dwarf-with-dsym";
				GCC_ENABLE_FIX_AND_CONTINUE = NO;
				GCC_MODEL_TUNING = G5;
				INFOPLIST_FILE = "ConceptEngine-Info.plist";
				INSTALL_PATH = "$(HOME)/Applications";
				LIBRARY_SEARCH_PATHS = (
					"$(inherited)",
					"$(LIBRARY_SEARCH_PATHS_QUOTED_FOR_TARGET_1)",
				);
				LIBRARY_SEARCH_PATHS_QUOTED_FOR_TARGET_1 = "\"$(SRCROOT)/../../../../SDK/lua5_1_4_Darwin94x86_lib/lib\"";
				OTHER_LDFLAGS = (
					"-framework",
					Foundation,
					"-framework",
					AppKit,
				);
				PREBINDING = NO;
				PRODUCT_NAME = ConceptEngine;
				ZERO_LINK = NO;
			};
			name = Release;
		};
/* End XCBuildConfiguration section */

/* Begin XCConfigurationList section */
		2F2E9F401109FA66002FCC3F /* Build configuration list for PBXProject "ConceptEngine" */ = {
			isa = XCConfigurationList;
			buildConfigurations = (
				2F2E9F3E1109FA66002FCC3F /* Debug */,
				2F2E9F3F1109FA66002FCC3F /* Release */,
			);
			defaultConfigurationIsVisible = 0;
			defaultConfigurationName = Release;
		};
		2F2E9F6B110A043B002FCC3F /* Build configuration list for PBXNativeTarget "ConceptEngine" */ = {
			isa = XCConfigurationList;
			buildConfigurations = (
				2F2E9F69110A043B002FCC3F /* Debug */,
				2F2E9F6A110A043B002FCC3F /* Release */,
			);
			defaultConfigurationIsVisible = 0;
			defaultConfigurationName = Release;
		};
/* End XCConfigurationList section */
	};
	rootObject = 2F2E9F3D1109FA66002FCC3F /* Project object */;
}
