// !$*UTF8*$!
{
	archiveVersion = 1;
	classes = {
	};
	objectVersion = 45;
	objects = {

/* Begin PBXBuildFile section */
		10A5C0F00FC56B6A00152875 /* game_helper.c in Sources */ = {isa = PBXBuildFile; fileRef = 10A5C0ED0FC56B6A00152875 /* game_helper.c */; };
		10A5C0F10FC56B6A00152875 /* rendering.c in Sources */ = {isa = PBXBuildFile; fileRef = 10A5C0EE0FC56B6A00152875 /* rendering.c */; };
		10A5C0F20FC56B6A00152875 /* vec3.c in Sources */ = {isa = PBXBuildFile; fileRef = 10A5C0EF0FC56B6A00152875 /* vec3.c */; };
		10A5C13C0FC57F6300152875 /* game.c in Sources */ = {isa = PBXBuildFile; fileRef = 10A5C13B0FC57F6300152875 /* game.c */; };
		10A5C2FC0FC6024300152875 /* Demo2AppDelegate.m in Sources */ = {isa = PBXBuildFile; fileRef = 10A5C2F90FC6024300152875 /* Demo2AppDelegate.m */; };
		10A5C2FD0FC6024300152875 /* GameView.m in Sources */ = {isa = PBXBuildFile; fileRef = 10A5C2FA0FC6024300152875 /* GameView.m */; };
		10A5C2FE0FC6024300152875 /* main.m in Sources */ = {isa = PBXBuildFile; fileRef = 10A5C2FB0FC6024300152875 /* main.m */; };
		10FB3CE40FBB0E4C005CC6FA /* OpenGLES.framework in Frameworks */ = {isa = PBXBuildFile; fileRef = 10FB3CE30FBB0E4C005CC6FA /* OpenGLES.framework */; };
		10FB3CE80FBB0E59005CC6FA /* QuartzCore.framework in Frameworks */ = {isa = PBXBuildFile; fileRef = 10FB3CE70FBB0E59005CC6FA /* QuartzCore.framework */; };
		10FB3CF70FBB0E69005CC6FA /* CoreGraphics.framework in Frameworks */ = {isa = PBXBuildFile; fileRef = 10FB3CF60FBB0E69005CC6FA /* CoreGraphics.framework */; };
		1D60589F0D05DD5A006BFB54 /* Foundation.framework in Frameworks */ = {isa = PBXBuildFile; fileRef = 1D30AB110D05D00D00671497 /* Foundation.framework */; };
		1DF5F4E00D08C38300B7A737 /* UIKit.framework in Frameworks */ = {isa = PBXBuildFile; fileRef = 1DF5F4DF0D08C38300B7A737 /* UIKit.framework */; };
/* End PBXBuildFile section */

/* Begin PBXFileReference section */
		10A5C0E90FC56B6A00152875 /* game_helper.h */ = {isa = PBXFileReference; fileEncoding = 4; lastKnownFileType = sourcecode.c.h; path = game_helper.h; sourceTree = "<group>"; };
		10A5C0EA0FC56B6A00152875 /* rendering.h */ = {isa = PBXFileReference; fileEncoding = 4; lastKnownFileType = sourcecode.c.h; path = rendering.h; sourceTree = "<group>"; };
		10A5C0EB0FC56B6A00152875 /* vec3.h */ = {isa = PBXFileReference; fileEncoding = 4; lastKnownFileType = sourcecode.c.h; path = vec3.h; sourceTree = "<group>"; };
		10A5C0ED0FC56B6A00152875 /* game_helper.c */ = {isa = PBXFileReference; fileEncoding = 4; lastKnownFileType = sourcecode.c.c; path = game_helper.c; sourceTree = "<group>"; };
		10A5C0EE0FC56B6A00152875 /* rendering.c */ = {isa = PBXFileReference; fileEncoding = 4; lastKnownFileType = sourcecode.c.c; path = rendering.c; sourceTree = "<group>"; };
		10A5C0EF0FC56B6A00152875 /* vec3.c */ = {isa = PBXFileReference; fileEncoding = 4; lastKnownFileType = sourcecode.c.c; path = vec3.c; sourceTree = "<group>"; };
		10A5C13A0FC57F5A00152875 /* game.h */ = {isa = PBXFileReference; fileEncoding = 4; lastKnownFileType = sourcecode.c.h; path = game.h; sourceTree = "<group>"; };
		10A5C13B0FC57F6300152875 /* game.c */ = {isa = PBXFileReference; fileEncoding = 4; lastKnownFileType = sourcecode.c.c; path = game.c; sourceTree = "<group>"; };
		10A5C2F90FC6024300152875 /* Demo2AppDelegate.m */ = {isa = PBXFileReference; fileEncoding = 4; lastKnownFileType = sourcecode.c.objc; path = Demo2AppDelegate.m; sourceTree = "<group>"; };
		10A5C2FA0FC6024300152875 /* GameView.m */ = {isa = PBXFileReference; fileEncoding = 4; lastKnownFileType = sourcecode.c.objc; path = GameView.m; sourceTree = "<group>"; };
		10A5C2FB0FC6024300152875 /* main.m */ = {isa = PBXFileReference; fileEncoding = 4; lastKnownFileType = sourcecode.c.objc; path = main.m; sourceTree = "<group>"; };
		10A5C3010FC6026700152875 /* Demo2AppDelegate.h */ = {isa = PBXFileReference; fileEncoding = 4; lastKnownFileType = sourcecode.c.h; path = Demo2AppDelegate.h; sourceTree = "<group>"; };
		10A5C3020FC6026700152875 /* GameView.h */ = {isa = PBXFileReference; fileEncoding = 4; lastKnownFileType = sourcecode.c.h; path = GameView.h; sourceTree = "<group>"; };
		10FB3CE30FBB0E4C005CC6FA /* OpenGLES.framework */ = {isa = PBXFileReference; lastKnownFileType = wrapper.framework; name = OpenGLES.framework; path = /Platforms/iPhoneSimulator.platform/Developer/SDKs/iPhoneSimulator2.2.sdk/System/Library/Frameworks/OpenGLES.framework; sourceTree = "<absolute>"; };
		10FB3CE70FBB0E59005CC6FA /* QuartzCore.framework */ = {isa = PBXFileReference; lastKnownFileType = wrapper.framework; name = QuartzCore.framework; path = System/Library/Frameworks/QuartzCore.framework; sourceTree = SDKROOT; };
		10FB3CF60FBB0E69005CC6FA /* CoreGraphics.framework */ = {isa = PBXFileReference; lastKnownFileType = wrapper.framework; name = CoreGraphics.framework; path = System/Library/Frameworks/CoreGraphics.framework; sourceTree = SDKROOT; };
		1D30AB110D05D00D00671497 /* Foundation.framework */ = {isa = PBXFileReference; lastKnownFileType = wrapper.framework; name = Foundation.framework; path = System/Library/Frameworks/Foundation.framework; sourceTree = SDKROOT; };
		1D6058910D05DD3D006BFB54 /* Demo2.app */ = {isa = PBXFileReference; explicitFileType = wrapper.application; includeInIndex = 0; path = Demo2.app; sourceTree = BUILT_PRODUCTS_DIR; };
		1DF5F4DF0D08C38300B7A737 /* UIKit.framework */ = {isa = PBXFileReference; lastKnownFileType = wrapper.framework; name = UIKit.framework; path = System/Library/Frameworks/UIKit.framework; sourceTree = SDKROOT; };
		32CA4F630368D1EE00C91783 /* Demo2_Prefix.pch */ = {isa = PBXFileReference; fileEncoding = 4; lastKnownFileType = sourcecode.c.h; path = Demo2_Prefix.pch; sourceTree = "<group>"; };
		8D1107310486CEB800E47090 /* Info.plist */ = {isa = PBXFileReference; fileEncoding = 4; lastKnownFileType = text.plist.xml; path = Info.plist; sourceTree = "<group>"; };
/* End PBXFileReference section */

/* Begin PBXFrameworksBuildPhase section */
		1D60588F0D05DD3D006BFB54 /* Frameworks */ = {
			isa = PBXFrameworksBuildPhase;
			buildActionMask = 2147483647;
			files = (
				1D60589F0D05DD5A006BFB54 /* Foundation.framework in Frameworks */,
				1DF5F4E00D08C38300B7A737 /* UIKit.framework in Frameworks */,
				10FB3CE40FBB0E4C005CC6FA /* OpenGLES.framework in Frameworks */,
				10FB3CE80FBB0E59005CC6FA /* QuartzCore.framework in Frameworks */,
				10FB3CF70FBB0E69005CC6FA /* CoreGraphics.framework in Frameworks */,
			);
			runOnlyForDeploymentPostprocessing = 0;
		};
/* End PBXFrameworksBuildPhase section */

/* Begin PBXGroup section */
		10A5C0E80FC56B6A00152875 /* include */ = {
			isa = PBXGroup;
			children = (
				10A5C3000FC6026700152875 /* iphone */,
				10A5C13A0FC57F5A00152875 /* game.h */,
				10A5C0E90FC56B6A00152875 /* game_helper.h */,
				10A5C0EA0FC56B6A00152875 /* rendering.h */,
				10A5C0EB0FC56B6A00152875 /* vec3.h */,
			);
			path = include;
			sourceTree = "<group>";
		};
		10A5C0EC0FC56B6A00152875 /* source */ = {
			isa = PBXGroup;
			children = (
				10A5C2F80FC6024300152875 /* iphone */,
				10A5C13B0FC57F6300152875 /* game.c */,
				10A5C0ED0FC56B6A00152875 /* game_helper.c */,
				10A5C0EE0FC56B6A00152875 /* rendering.c */,
				10A5C0EF0FC56B6A00152875 /* vec3.c */,
			);
			path = source;
			sourceTree = "<group>";
		};
		10A5C2F80FC6024300152875 /* iphone */ = {
			isa = PBXGroup;
			children = (
				10A5C2F90FC6024300152875 /* Demo2AppDelegate.m */,
				10A5C2FA0FC6024300152875 /* GameView.m */,
				10A5C2FB0FC6024300152875 /* main.m */,
			);
			path = iphone;
			sourceTree = "<group>";
		};
		10A5C3000FC6026700152875 /* iphone */ = {
			isa = PBXGroup;
			children = (
				10A5C3010FC6026700152875 /* Demo2AppDelegate.h */,
				10A5C3020FC6026700152875 /* GameView.h */,
			);
			path = iphone;
			sourceTree = "<group>";
		};
		19C28FACFE9D520D11CA2CBB /* Products */ = {
			isa = PBXGroup;
			children = (
				1D6058910D05DD3D006BFB54 /* Demo2.app */,
			);
			name = Products;
			sourceTree = "<group>";
		};
		29B97314FDCFA39411CA2CEA /* CustomTemplate */ = {
			isa = PBXGroup;
			children = (
				10A5C0E80FC56B6A00152875 /* include */,
				10A5C0EC0FC56B6A00152875 /* source */,
				29B97315FDCFA39411CA2CEA /* Other Sources */,
				29B97317FDCFA39411CA2CEA /* Resources */,
				29B97323FDCFA39411CA2CEA /* Frameworks */,
				19C28FACFE9D520D11CA2CBB /* Products */,
			);
			name = CustomTemplate;
			sourceTree = "<group>";
		};
		29B97315FDCFA39411CA2CEA /* Other Sources */ = {
			isa = PBXGroup;
			children = (
				32CA4F630368D1EE00C91783 /* Demo2_Prefix.pch */,
			);
			name = "Other Sources";
			sourceTree = "<group>";
		};
		29B97317FDCFA39411CA2CEA /* Resources */ = {
			isa = PBXGroup;
			children = (
				8D1107310486CEB800E47090 /* Info.plist */,
			);
			name = Resources;
			sourceTree = "<group>";
		};
		29B97323FDCFA39411CA2CEA /* Frameworks */ = {
			isa = PBXGroup;
			children = (
				10FB3CF60FBB0E69005CC6FA /* CoreGraphics.framework */,
				10FB3CE70FBB0E59005CC6FA /* QuartzCore.framework */,
				10FB3CE30FBB0E4C005CC6FA /* OpenGLES.framework */,
				1DF5F4DF0D08C38300B7A737 /* UIKit.framework */,
				1D30AB110D05D00D00671497 /* Foundation.framework */,
			);
			name = Frameworks;
			sourceTree = "<group>";
		};
/* End PBXGroup section */

/* Begin PBXNativeTarget section */
		1D6058900D05DD3D006BFB54 /* Demo2 */ = {
			isa = PBXNativeTarget;
			buildConfigurationList = 1D6058960D05DD3E006BFB54 /* Build configuration list for PBXNativeTarget "Demo2" */;
			buildPhases = (
				1D60588D0D05DD3D006BFB54 /* Resources */,
				1D60588E0D05DD3D006BFB54 /* Sources */,
				1D60588F0D05DD3D006BFB54 /* Frameworks */,
			);
			buildRules = (
			);
			dependencies = (
			);
			name = Demo2;
			productName = Demo2;
			productReference = 1D6058910D05DD3D006BFB54 /* Demo2.app */;
			productType = "com.apple.product-type.application";
		};
/* End PBXNativeTarget section */

/* Begin PBXProject section */
		29B97313FDCFA39411CA2CEA /* Project object */ = {
			isa = PBXProject;
			buildConfigurationList = C01FCF4E08A954540054247B /* Build configuration list for PBXProject "Demo2" */;
			compatibilityVersion = "Xcode 3.1";
			hasScannedForEncodings = 1;
			mainGroup = 29B97314FDCFA39411CA2CEA /* CustomTemplate */;
			projectDirPath = "";
			projectRoot = "";
			targets = (
				1D6058900D05DD3D006BFB54 /* Demo2 */,
			);
		};
/* End PBXProject section */

/* Begin PBXResourcesBuildPhase section */
		1D60588D0D05DD3D006BFB54 /* Resources */ = {
			isa = PBXResourcesBuildPhase;
			buildActionMask = 2147483647;
			files = (
			);
			runOnlyForDeploymentPostprocessing = 0;
		};
/* End PBXResourcesBuildPhase section */

/* Begin PBXSourcesBuildPhase section */
		1D60588E0D05DD3D006BFB54 /* Sources */ = {
			isa = PBXSourcesBuildPhase;
			buildActionMask = 2147483647;
			files = (
				10A5C0F00FC56B6A00152875 /* game_helper.c in Sources */,
				10A5C0F10FC56B6A00152875 /* rendering.c in Sources */,
				10A5C0F20FC56B6A00152875 /* vec3.c in Sources */,
				10A5C13C0FC57F6300152875 /* game.c in Sources */,
				10A5C2FC0FC6024300152875 /* Demo2AppDelegate.m in Sources */,
				10A5C2FD0FC6024300152875 /* GameView.m in Sources */,
				10A5C2FE0FC6024300152875 /* main.m in Sources */,
			);
			runOnlyForDeploymentPostprocessing = 0;
		};
/* End PBXSourcesBuildPhase section */

/* Begin XCBuildConfiguration section */
		1D6058940D05DD3E006BFB54 /* Debug */ = {
			isa = XCBuildConfiguration;
			buildSettings = {
				ALWAYS_SEARCH_USER_PATHS = NO;
				COPY_PHASE_STRIP = NO;
				FRAMEWORK_SEARCH_PATHS = (
					"$(inherited)",
					/Platforms/iPhoneSimulator.platform/Developer/SDKs/iPhoneSimulator2.2.sdk/System/Library/Frameworks,
				);
				GCC_DYNAMIC_NO_PIC = NO;
				GCC_OPTIMIZATION_LEVEL = 0;
				GCC_PRECOMPILE_PREFIX_HEADER = YES;
				GCC_PREFIX_HEADER = Demo2_Prefix.pch;
				INFOPLIST_FILE = Info.plist;
				PRODUCT_NAME = Demo2;
			};
			name = Debug;
		};
		1D6058950D05DD3E006BFB54 /* Release */ = {
			isa = XCBuildConfiguration;
			buildSettings = {
				ALWAYS_SEARCH_USER_PATHS = NO;
				COPY_PHASE_STRIP = YES;
				FRAMEWORK_SEARCH_PATHS = (
					"$(inherited)",
					/Platforms/iPhoneSimulator.platform/Developer/SDKs/iPhoneSimulator2.2.sdk/System/Library/Frameworks,
				);
				GCC_PRECOMPILE_PREFIX_HEADER = YES;
				GCC_PREFIX_HEADER = Demo2_Prefix.pch;
				INFOPLIST_FILE = Info.plist;
				PRODUCT_NAME = Demo2;
			};
			name = Release;
		};
		C01FCF4F08A954540054247B /* Debug */ = {
			isa = XCBuildConfiguration;
			buildSettings = {
				ARCHS = "$(ARCHS_STANDARD_32_BIT)";
				"CODE_SIGN_IDENTITY[sdk=iphoneos*]" = "iPhone Pwned Developer";
				GCC_C_LANGUAGE_STANDARD = c99;
				GCC_WARN_ABOUT_RETURN_TYPE = YES;
				GCC_WARN_UNUSED_VARIABLE = YES;
				ONLY_ACTIVE_ARCH = YES;
				PREBINDING = NO;
				PROVISIONING_PROFILE_ALLOWED = NO;
				PROVISIONING_PROFILE_REQUIRED = NO;
				SDKROOT = iphoneos2.0;
			};
			name = Debug;
		};
		C01FCF5008A954540054247B /* Release */ = {
			isa = XCBuildConfiguration;
			buildSettings = {
				ARCHS = "$(ARCHS_STANDARD_32_BIT)";
				"CODE_SIGN_IDENTITY[sdk=iphoneos*]" = "iPhone Pwned Developer";
				GCC_C_LANGUAGE_STANDARD = c99;
				GCC_WARN_ABOUT_RETURN_TYPE = YES;
				GCC_WARN_UNUSED_VARIABLE = YES;
				PREBINDING = NO;
				PROVISIONING_PROFILE_ALLOWED = NO;
				PROVISIONING_PROFILE_REQUIRED = NO;
				SDKROOT = iphoneos2.0;
			};
			name = Release;
		};
/* End XCBuildConfiguration section */

/* Begin XCConfigurationList section */
		1D6058960D05DD3E006BFB54 /* Build configuration list for PBXNativeTarget "Demo2" */ = {
			isa = XCConfigurationList;
			buildConfigurations = (
				1D6058940D05DD3E006BFB54 /* Debug */,
				1D6058950D05DD3E006BFB54 /* Release */,
			);
			defaultConfigurationIsVisible = 0;
			defaultConfigurationName = Release;
		};
		C01FCF4E08A954540054247B /* Build configuration list for PBXProject "Demo2" */ = {
			isa = XCConfigurationList;
			buildConfigurations = (
				C01FCF4F08A954540054247B /* Debug */,
				C01FCF5008A954540054247B /* Release */,
			);
			defaultConfigurationIsVisible = 0;
			defaultConfigurationName = Release;
		};
/* End XCConfigurationList section */
	};
	rootObject = 29B97313FDCFA39411CA2CEA /* Project object */;
}
